
Microsoft Visual Studio Solution File, Format Version 12.00
# Visual Studio Version 17
VisualStudioVersion = 17.3.32929.385
MinimumVisualStudioVersion = 10.0.40219.1
Project("{FAE04EC0-301F-11D3-BF4B-00C04F79EFBC}") = "HCI_Projekat", "HCI_Projekat.csproj", "{B2C01031-8C35-42FB-9A5A-95BAB8C94518}"
EndProject
Global
	GlobalSection(SolutionConfigurationPlatforms) = preSolution
		Debug|Any CPU = Debug|Any CPU
		Release|Any CPU = Release|Any CPU
	EndGlobalSection
	GlobalSection(ProjectConfigurationPlatforms) = postSolution
		{B2C01031-8C35-42FB-9A5A-95BAB8C94518}.Debug|Any CPU.ActiveCfg = Debug|Any CPU
		{B2C01031-8C35-42FB-9A5A-95BAB8C94518}.Debug|Any CPU.Build.0 = Debug|Any CPU
		{B2C01031-8C35-42FB-9A5A-95BAB8C94518}.Release|Any CPU.ActiveCfg = Release|Any CPU
		{B2C01031-8C35-42FB-9A5A-95BAB8C94518}.Release|Any CPU.Build.0 = Release|Any CPU
	EndGlobalSection
	GlobalSection(SolutionProperties) = preSolution
		HideSolutionNode = FALSE
	EndGlobalSection
	GlobalSection(ExtensibilityGlobals) = postSolution
		SolutionGuid = {6DAC42FE-CFC0-408C-AA01-7AE04C0B4BAE}
	EndGlobalSection
EndGlobal
